
Microsoft Visual Studio Solution File, Format Version 12.00
# Visual Studio Version 17
VisualStudioVersion = 17.7.34018.315
MinimumVisualStudioVersion = 10.0.40219.1
Project("{FAE04EC0-301F-11D3-BF4B-00C04F79EFBC}") = "Client Object & Event", "Client Object & Event\Client Object & Event.csproj", "{B8319FBA-9A26-4CD6-839A-A2CE8A61B548}"
EndProject
Global
	GlobalSection(SolutionConfigurationPlatforms) = preSolution
		Debug|Any CPU = Debug|Any CPU
		Release|Any CPU = Release|Any CPU
	EndGlobalSection
	GlobalSection(ProjectConfigurationPlatforms) = postSolution
		{B8319FBA-9A26-4CD6-839A-A2CE8A61B548}.Debug|Any CPU.ActiveCfg = Debug|Any CPU
		{B8319FBA-9A26-4CD6-839A-A2CE8A61B548}.Debug|Any CPU.Build.0 = Debug|Any CPU
		{B8319FBA-9A26-4CD6-839A-A2CE8A61B548}.Release|Any CPU.ActiveCfg = Release|Any CPU
		{B8319FBA-9A26-4CD6-839A-A2CE8A61B548}.Release|Any CPU.Build.0 = Release|Any CPU
	EndGlobalSection
	GlobalSection(SolutionProperties) = preSolution
		HideSolutionNode = FALSE
	EndGlobalSection
	GlobalSection(ExtensibilityGlobals) = postSolution
		SolutionGuid = {93D93889-AFD7-42E5-AB72-F1F0408A92EE}
	EndGlobalSection
EndGlobal
